
Microsoft Visual Studio Solution File, Format Version 12.00
# Visual Studio Version 17
VisualStudioVersion = 17.5.33414.496
MinimumVisualStudioVersion = 10.0.40219.1
Project("{FAE04EC0-301F-11D3-BF4B-00C04F79EFBC}") = "Projekt Czat", "Projekt Czat.csproj", "{8FAC3961-64AF-4B50-B593-922DDCE24362}"
EndProject
Global
	GlobalSection(SolutionConfigurationPlatforms) = preSolution
		Debug|Any CPU = Debug|Any CPU
		Release|Any CPU = Release|Any CPU
	EndGlobalSection
	GlobalSection(ProjectConfigurationPlatforms) = postSolution
		{8FAC3961-64AF-4B50-B593-922DDCE24362}.Debug|Any CPU.ActiveCfg = Debug|Any CPU
		{8FAC3961-64AF-4B50-B593-922DDCE24362}.Debug|Any CPU.Build.0 = Debug|Any CPU
		{8FAC3961-64AF-4B50-B593-922DDCE24362}.Release|Any CPU.ActiveCfg = Release|Any CPU
		{8FAC3961-64AF-4B50-B593-922DDCE24362}.Release|Any CPU.Build.0 = Release|Any CPU
	EndGlobalSection
	GlobalSection(SolutionProperties) = preSolution
		HideSolutionNode = FALSE
	EndGlobalSection
	GlobalSection(ExtensibilityGlobals) = postSolution
		SolutionGuid = {CC7E3AED-44C7-4554-84CC-70931C14AB41}
	EndGlobalSection
EndGlobal
